
Microsoft Visual Studio Solution File, Format Version 12.00
# Visual Studio Version 16
VisualStudioVersion = 16.0.30413.136
MinimumVisualStudioVersion = 10.0.40219.1
Project("{FAE04EC0-301F-11D3-BF4B-00C04F79EFBC}") = "PoniLCU", "PoniLCU\PoniLCU.csproj", "{D73B379E-A18E-497D-8B65-B74631F9E009}"
EndProject
Global
	GlobalSection(SolutionConfigurationPlatforms) = preSolution
		Debug|Any CPU = Debug|Any CPU
		Release|Any CPU = Release|Any CPU
	EndGlobalSection
	GlobalSection(ProjectConfigurationPlatforms) = postSolution
		{EA156D6F-CF25-4754-B2E7-416451B16563}.Debug|Any CPU.ActiveCfg = Debug|Any CPU
		{EA156D6F-CF25-4754-B2E7-416451B16563}.Debug|Any CPU.Build.0 = Debug|Any CPU
		{EA156D6F-CF25-4754-B2E7-416451B16563}.Release|Any CPU.ActiveCfg = Release|Any CPU
		{EA156D6F-CF25-4754-B2E7-416451B16563}.Release|Any CPU.Build.0 = Release|Any CPU
		{D73B379E-A18E-497D-8B65-B74631F9E009}.Debug|Any CPU.ActiveCfg = Debug|Any CPU
		{D73B379E-A18E-497D-8B65-B74631F9E009}.Debug|Any CPU.Build.0 = Debug|Any CPU
		{D73B379E-A18E-497D-8B65-B74631F9E009}.Release|Any CPU.ActiveCfg = Release|Any CPU
		{D73B379E-A18E-497D-8B65-B74631F9E009}.Release|Any CPU.Build.0 = Release|Any CPU
	EndGlobalSection
	GlobalSection(SolutionProperties) = preSolution
		HideSolutionNode = FALSE
	EndGlobalSection
	GlobalSection(ExtensibilityGlobals) = postSolution
		SolutionGuid = {F3F5C298-4575-4FB8-9CBC-9FEACB14B6FF}
	EndGlobalSection
EndGlobal
